
Microsoft Visual Studio Solution File, Format Version 12.00
# Visual Studio Version 17
VisualStudioVersion = 17.13.35931.197
MinimumVisualStudioVersion = 10.0.40219.1
Project("{FAE04EC0-301F-11D3-BF4B-00C04F79EFBC}") = "Shops.API", "Shops.API\Shops.API.csproj", "{BDB47923-F31A-4E3B-8E75-3F8EE05600F1}"
EndProject
Project("{2150E333-8FDC-42A3-9474-1A3956D46DE8}") = "API", "API", "{36D591C7-65C7-A0D1-1CBC-10CDE441BDC8}"
EndProject
Project("{FAE04EC0-301F-11D3-BF4B-00C04F79EFBC}") = "Goods.API", "Goods.API\Goods.API.csproj", "{9F88CE9B-85B0-4479-89DF-C4FEA6819E9F}"
EndProject
Project("{FAE04EC0-301F-11D3-BF4B-00C04F79EFBC}") = "Orders.API", "Orders.API\Orders.API.csproj", "{EB5C7EC6-801E-49DC-97C6-7646C0595C47}"
EndProject
Project("{FAE04EC0-301F-11D3-BF4B-00C04F79EFBC}") = "Notifications.API", "Notifications.API\Notifications.API.csproj", "{9AAE5161-8208-47DA-906F-BC6B79CCA337}"
EndProject
Project("{FAE04EC0-301F-11D3-BF4B-00C04F79EFBC}") = "Buyers.API", "Buyers.API\Buyers.API.csproj", "{C7E768E8-BAE0-4F19-8FE2-FE2ED52B689C}"
EndProject
Project("{FAE04EC0-301F-11D3-BF4B-00C04F79EFBC}") = "Warehouses.API", "Warehouses.API\Warehouses.API.csproj", "{B53712B2-FD5F-45E3-89AC-FBB6E29D4C3C}"
EndProject
Project("{FAE04EC0-301F-11D3-BF4B-00C04F79EFBC}") = "Deliveries.API", "Deliveries.API\Deliveries.API.csproj", "{2A39A1E9-7E2B-40BC-8A72-E70F5FB95838}"
EndProject
Project("{FAE04EC0-301F-11D3-BF4B-00C04F79EFBC}") = "Trade.API", "Trade.API\Trade.API.csproj", "{6A57135E-FC83-4543-89D5-22198BD5F63C}"
EndProject
Project("{FAE04EC0-301F-11D3-BF4B-00C04F79EFBC}") = "Couriers.API", "Couriers.API\Couriers.API.csproj", "{51ACB143-026E-45E8-BEAC-235FF927B6F8}"
EndProject
Project("{FAE04EC0-301F-11D3-BF4B-00C04F79EFBC}") = "Prices.API", "Prices.API\Prices.API.csproj", "{536D3D65-D006-48D0-A0C0-1A7E5E1AACD9}"
EndProject
Project("{FAE04EC0-301F-11D3-BF4B-00C04F79EFBC}") = "ShopServices.BusinessLogic", "ShopServices.BusinessLogic\ShopServices.BusinessLogic.csproj", "{78B0201A-2209-4668-98B1-818F270560FA}"
EndProject
Project("{FAE04EC0-301F-11D3-BF4B-00C04F79EFBC}") = "ShopServices.Core", "ShopServices.Core\ShopServices.Core.csproj", "{8E6D2F3B-2BEF-4482-A019-7AFFB2230B6B}"
EndProject
Project("{FAE04EC0-301F-11D3-BF4B-00C04F79EFBC}") = "ShopServices.Abstractions", "ShopServices.Abstractions\ShopServices.Abstractions.csproj", "{309C018F-34D7-4690-A476-FC357C2D3699}"
EndProject
Project("{2150E333-8FDC-42A3-9474-1A3956D46DE8}") = "Abstractions", "Abstractions", "{A0A043A1-C82D-43DA-82CC-69A01C9A62AC}"
EndProject
Project("{FAE04EC0-301F-11D3-BF4B-00C04F79EFBC}") = "GoodsGroups.API", "GoodsGroups.API\GoodsGroups.API.csproj", "{666C627B-C15D-4C71-B798-04035698DD5E}"
EndProject
Project("{FAE04EC0-301F-11D3-BF4B-00C04F79EFBC}") = "Managers.API", "Managers.API\Managers.API.csproj", "{E9D5E2D9-30A0-4F60-8E56-49E67EF152D2}"
EndProject
Project("{FAE04EC0-301F-11D3-BF4B-00C04F79EFBC}") = "Employees.API", "Employees.API\Employees.API.csproj", "{7DF6F883-EC67-44FB-BE83-D6D33EE04BF4}"
EndProject
Project("{FAE04EC0-301F-11D3-BF4B-00C04F79EFBC}") = "ShopServices.DataAccess", "ShopServices.DataAccess\ShopServices.DataAccess.csproj", "{113C6F50-58CE-48D1-8EBE-19FACB77D864}"
EndProject
Project("{2150E333-8FDC-42A3-9474-1A3956D46DE8}") = "Tests", "Tests", "{14413E6D-D4C2-42F5-98E8-C69317157467}"
EndProject
Project("{FAE04EC0-301F-11D3-BF4B-00C04F79EFBC}") = "ShopServices.BusinessLogic.MsTests", "ShopServices.BusinessLogic.MsTests\ShopServices.BusinessLogic.MsTests.csproj", "{4B9DD6FE-191D-453E-B039-11075C72CF80}"
EndProject
Project("{FAE04EC0-301F-11D3-BF4B-00C04F79EFBC}") = "TestFixtures", "TestFixtures\TestFixtures.csproj", "{DE67B699-1804-4DAB-BC40-EBFDD8FC11B8}"
EndProject
Project("{FAE04EC0-301F-11D3-BF4B-00C04F79EFBC}") = "ServiceCollectionsExtensions", "ServiceCollectionsExtensions\ServiceCollectionsExtensions.csproj", "{7F2AF630-10A9-4096-AAB4-4B0B6EC617F9}"
EndProject
Project("{2150E333-8FDC-42A3-9474-1A3956D46DE8}") = "Core_Domain", "Core_Domain", "{E1CABF45-7D57-4EA2-ADE9-45C9E80FC622}"
EndProject
Project("{2150E333-8FDC-42A3-9474-1A3956D46DE8}") = "BusinessLogic", "BusinessLogic", "{DF4DB0B4-9D4A-46F3-8F9D-963363C9ACB1}"
EndProject
Project("{2150E333-8FDC-42A3-9474-1A3956D46DE8}") = "DataAccess", "DataAccess", "{7F72220B-FA45-4CD3-9605-A7E4DA856221}"
EndProject
Project("{FAE04EC0-301F-11D3-BF4B-00C04F79EFBC}") = "TelegramBot.API", "TelegramBot.API\TelegramBot.API.csproj", "{0315B489-F6C0-4E10-97D6-47880B4AD219}"
EndProject
Project("{FAE04EC0-301F-11D3-BF4B-00C04F79EFBC}") = "NotificationsSender", "NotificationsSender\NotificationsSender.csproj", "{89B21393-B23D-45FA-BF2E-7295C416DCBF}"
EndProject
Global
	GlobalSection(SolutionConfigurationPlatforms) = preSolution
		Debug|Any CPU = Debug|Any CPU
		Release|Any CPU = Release|Any CPU
	EndGlobalSection
	GlobalSection(ProjectConfigurationPlatforms) = postSolution
		{BDB47923-F31A-4E3B-8E75-3F8EE05600F1}.Debug|Any CPU.ActiveCfg = Debug|Any CPU
		{BDB47923-F31A-4E3B-8E75-3F8EE05600F1}.Debug|Any CPU.Build.0 = Debug|Any CPU
		{BDB47923-F31A-4E3B-8E75-3F8EE05600F1}.Release|Any CPU.ActiveCfg = Release|Any CPU
		{BDB47923-F31A-4E3B-8E75-3F8EE05600F1}.Release|Any CPU.Build.0 = Release|Any CPU
		{9F88CE9B-85B0-4479-89DF-C4FEA6819E9F}.Debug|Any CPU.ActiveCfg = Debug|Any CPU
		{9F88CE9B-85B0-4479-89DF-C4FEA6819E9F}.Debug|Any CPU.Build.0 = Debug|Any CPU
		{9F88CE9B-85B0-4479-89DF-C4FEA6819E9F}.Release|Any CPU.ActiveCfg = Release|Any CPU
		{9F88CE9B-85B0-4479-89DF-C4FEA6819E9F}.Release|Any CPU.Build.0 = Release|Any CPU
		{EB5C7EC6-801E-49DC-97C6-7646C0595C47}.Debug|Any CPU.ActiveCfg = Debug|Any CPU
		{EB5C7EC6-801E-49DC-97C6-7646C0595C47}.Debug|Any CPU.Build.0 = Debug|Any CPU
		{EB5C7EC6-801E-49DC-97C6-7646C0595C47}.Release|Any CPU.ActiveCfg = Release|Any CPU
		{EB5C7EC6-801E-49DC-97C6-7646C0595C47}.Release|Any CPU.Build.0 = Release|Any CPU
		{9AAE5161-8208-47DA-906F-BC6B79CCA337}.Debug|Any CPU.ActiveCfg = Debug|Any CPU
		{9AAE5161-8208-47DA-906F-BC6B79CCA337}.Debug|Any CPU.Build.0 = Debug|Any CPU
		{9AAE5161-8208-47DA-906F-BC6B79CCA337}.Release|Any CPU.ActiveCfg = Release|Any CPU
		{9AAE5161-8208-47DA-906F-BC6B79CCA337}.Release|Any CPU.Build.0 = Release|Any CPU
		{C7E768E8-BAE0-4F19-8FE2-FE2ED52B689C}.Debug|Any CPU.ActiveCfg = Debug|Any CPU
		{C7E768E8-BAE0-4F19-8FE2-FE2ED52B689C}.Debug|Any CPU.Build.0 = Debug|Any CPU
		{C7E768E8-BAE0-4F19-8FE2-FE2ED52B689C}.Release|Any CPU.ActiveCfg = Release|Any CPU
		{C7E768E8-BAE0-4F19-8FE2-FE2ED52B689C}.Release|Any CPU.Build.0 = Release|Any CPU
		{B53712B2-FD5F-45E3-89AC-FBB6E29D4C3C}.Debug|Any CPU.ActiveCfg = Debug|Any CPU
		{B53712B2-FD5F-45E3-89AC-FBB6E29D4C3C}.Debug|Any CPU.Build.0 = Debug|Any CPU
		{B53712B2-FD5F-45E3-89AC-FBB6E29D4C3C}.Release|Any CPU.ActiveCfg = Release|Any CPU
		{B53712B2-FD5F-45E3-89AC-FBB6E29D4C3C}.Release|Any CPU.Build.0 = Release|Any CPU
		{2A39A1E9-7E2B-40BC-8A72-E70F5FB95838}.Debug|Any CPU.ActiveCfg = Debug|Any CPU
		{2A39A1E9-7E2B-40BC-8A72-E70F5FB95838}.Debug|Any CPU.Build.0 = Debug|Any CPU
		{2A39A1E9-7E2B-40BC-8A72-E70F5FB95838}.Release|Any CPU.ActiveCfg = Release|Any CPU
		{2A39A1E9-7E2B-40BC-8A72-E70F5FB95838}.Release|Any CPU.Build.0 = Release|Any CPU
		{6A57135E-FC83-4543-89D5-22198BD5F63C}.Debug|Any CPU.ActiveCfg = Debug|Any CPU
		{6A57135E-FC83-4543-89D5-22198BD5F63C}.Debug|Any CPU.Build.0 = Debug|Any CPU
		{6A57135E-FC83-4543-89D5-22198BD5F63C}.Release|Any CPU.ActiveCfg = Release|Any CPU
		{6A57135E-FC83-4543-89D5-22198BD5F63C}.Release|Any CPU.Build.0 = Release|Any CPU
		{51ACB143-026E-45E8-BEAC-235FF927B6F8}.Debug|Any CPU.ActiveCfg = Debug|Any CPU
		{51ACB143-026E-45E8-BEAC-235FF927B6F8}.Debug|Any CPU.Build.0 = Debug|Any CPU
		{51ACB143-026E-45E8-BEAC-235FF927B6F8}.Release|Any CPU.ActiveCfg = Release|Any CPU
		{51ACB143-026E-45E8-BEAC-235FF927B6F8}.Release|Any CPU.Build.0 = Release|Any CPU
		{536D3D65-D006-48D0-A0C0-1A7E5E1AACD9}.Debug|Any CPU.ActiveCfg = Debug|Any CPU
		{536D3D65-D006-48D0-A0C0-1A7E5E1AACD9}.Debug|Any CPU.Build.0 = Debug|Any CPU
		{536D3D65-D006-48D0-A0C0-1A7E5E1AACD9}.Release|Any CPU.ActiveCfg = Release|Any CPU
		{536D3D65-D006-48D0-A0C0-1A7E5E1AACD9}.Release|Any CPU.Build.0 = Release|Any CPU
		{78B0201A-2209-4668-98B1-818F270560FA}.Debug|Any CPU.ActiveCfg = Debug|Any CPU
		{78B0201A-2209-4668-98B1-818F270560FA}.Debug|Any CPU.Build.0 = Debug|Any CPU
		{78B0201A-2209-4668-98B1-818F270560FA}.Release|Any CPU.ActiveCfg = Release|Any CPU
		{78B0201A-2209-4668-98B1-818F270560FA}.Release|Any CPU.Build.0 = Release|Any CPU
		{8E6D2F3B-2BEF-4482-A019-7AFFB2230B6B}.Debug|Any CPU.ActiveCfg = Debug|Any CPU
		{8E6D2F3B-2BEF-4482-A019-7AFFB2230B6B}.Debug|Any CPU.Build.0 = Debug|Any CPU
		{8E6D2F3B-2BEF-4482-A019-7AFFB2230B6B}.Release|Any CPU.ActiveCfg = Release|Any CPU
		{8E6D2F3B-2BEF-4482-A019-7AFFB2230B6B}.Release|Any CPU.Build.0 = Release|Any CPU
		{309C018F-34D7-4690-A476-FC357C2D3699}.Debug|Any CPU.ActiveCfg = Debug|Any CPU
		{309C018F-34D7-4690-A476-FC357C2D3699}.Debug|Any CPU.Build.0 = Debug|Any CPU
		{309C018F-34D7-4690-A476-FC357C2D3699}.Release|Any CPU.ActiveCfg = Release|Any CPU
		{309C018F-34D7-4690-A476-FC357C2D3699}.Release|Any CPU.Build.0 = Release|Any CPU
		{666C627B-C15D-4C71-B798-04035698DD5E}.Debug|Any CPU.ActiveCfg = Debug|Any CPU
		{666C627B-C15D-4C71-B798-04035698DD5E}.Debug|Any CPU.Build.0 = Debug|Any CPU
		{666C627B-C15D-4C71-B798-04035698DD5E}.Release|Any CPU.ActiveCfg = Release|Any CPU
		{666C627B-C15D-4C71-B798-04035698DD5E}.Release|Any CPU.Build.0 = Release|Any CPU
		{E9D5E2D9-30A0-4F60-8E56-49E67EF152D2}.Debug|Any CPU.ActiveCfg = Debug|Any CPU
		{E9D5E2D9-30A0-4F60-8E56-49E67EF152D2}.Debug|Any CPU.Build.0 = Debug|Any CPU
		{E9D5E2D9-30A0-4F60-8E56-49E67EF152D2}.Release|Any CPU.ActiveCfg = Release|Any CPU
		{E9D5E2D9-30A0-4F60-8E56-49E67EF152D2}.Release|Any CPU.Build.0 = Release|Any CPU
		{7DF6F883-EC67-44FB-BE83-D6D33EE04BF4}.Debug|Any CPU.ActiveCfg = Debug|Any CPU
		{7DF6F883-EC67-44FB-BE83-D6D33EE04BF4}.Debug|Any CPU.Build.0 = Debug|Any CPU
		{7DF6F883-EC67-44FB-BE83-D6D33EE04BF4}.Release|Any CPU.ActiveCfg = Release|Any CPU
		{7DF6F883-EC67-44FB-BE83-D6D33EE04BF4}.Release|Any CPU.Build.0 = Release|Any CPU
		{113C6F50-58CE-48D1-8EBE-19FACB77D864}.Debug|Any CPU.ActiveCfg = Debug|Any CPU
		{113C6F50-58CE-48D1-8EBE-19FACB77D864}.Debug|Any CPU.Build.0 = Debug|Any CPU
		{113C6F50-58CE-48D1-8EBE-19FACB77D864}.Release|Any CPU.ActiveCfg = Release|Any CPU
		{113C6F50-58CE-48D1-8EBE-19FACB77D864}.Release|Any CPU.Build.0 = Release|Any CPU
		{4B9DD6FE-191D-453E-B039-11075C72CF80}.Debug|Any CPU.ActiveCfg = Debug|Any CPU
		{4B9DD6FE-191D-453E-B039-11075C72CF80}.Debug|Any CPU.Build.0 = Debug|Any CPU
		{4B9DD6FE-191D-453E-B039-11075C72CF80}.Release|Any CPU.ActiveCfg = Release|Any CPU
		{4B9DD6FE-191D-453E-B039-11075C72CF80}.Release|Any CPU.Build.0 = Release|Any CPU
		{DE67B699-1804-4DAB-BC40-EBFDD8FC11B8}.Debug|Any CPU.ActiveCfg = Debug|Any CPU
		{DE67B699-1804-4DAB-BC40-EBFDD8FC11B8}.Debug|Any CPU.Build.0 = Debug|Any CPU
		{DE67B699-1804-4DAB-BC40-EBFDD8FC11B8}.Release|Any CPU.ActiveCfg = Release|Any CPU
		{DE67B699-1804-4DAB-BC40-EBFDD8FC11B8}.Release|Any CPU.Build.0 = Release|Any CPU
		{7F2AF630-10A9-4096-AAB4-4B0B6EC617F9}.Debug|Any CPU.ActiveCfg = Debug|Any CPU
		{7F2AF630-10A9-4096-AAB4-4B0B6EC617F9}.Debug|Any CPU.Build.0 = Debug|Any CPU
		{7F2AF630-10A9-4096-AAB4-4B0B6EC617F9}.Release|Any CPU.ActiveCfg = Release|Any CPU
		{7F2AF630-10A9-4096-AAB4-4B0B6EC617F9}.Release|Any CPU.Build.0 = Release|Any CPU
		{0315B489-F6C0-4E10-97D6-47880B4AD219}.Debug|Any CPU.ActiveCfg = Debug|Any CPU
		{0315B489-F6C0-4E10-97D6-47880B4AD219}.Debug|Any CPU.Build.0 = Debug|Any CPU
		{0315B489-F6C0-4E10-97D6-47880B4AD219}.Release|Any CPU.ActiveCfg = Release|Any CPU
		{0315B489-F6C0-4E10-97D6-47880B4AD219}.Release|Any CPU.Build.0 = Release|Any CPU
		{89B21393-B23D-45FA-BF2E-7295C416DCBF}.Debug|Any CPU.ActiveCfg = Debug|Any CPU
		{89B21393-B23D-45FA-BF2E-7295C416DCBF}.Debug|Any CPU.Build.0 = Debug|Any CPU
		{89B21393-B23D-45FA-BF2E-7295C416DCBF}.Release|Any CPU.ActiveCfg = Release|Any CPU
		{89B21393-B23D-45FA-BF2E-7295C416DCBF}.Release|Any CPU.Build.0 = Release|Any CPU
	EndGlobalSection
	GlobalSection(SolutionProperties) = preSolution
		HideSolutionNode = FALSE
	EndGlobalSection
	GlobalSection(NestedProjects) = preSolution
		{BDB47923-F31A-4E3B-8E75-3F8EE05600F1} = {36D591C7-65C7-A0D1-1CBC-10CDE441BDC8}
		{9F88CE9B-85B0-4479-89DF-C4FEA6819E9F} = {36D591C7-65C7-A0D1-1CBC-10CDE441BDC8}
		{EB5C7EC6-801E-49DC-97C6-7646C0595C47} = {36D591C7-65C7-A0D1-1CBC-10CDE441BDC8}
		{9AAE5161-8208-47DA-906F-BC6B79CCA337} = {36D591C7-65C7-A0D1-1CBC-10CDE441BDC8}
		{C7E768E8-BAE0-4F19-8FE2-FE2ED52B689C} = {36D591C7-65C7-A0D1-1CBC-10CDE441BDC8}
		{B53712B2-FD5F-45E3-89AC-FBB6E29D4C3C} = {36D591C7-65C7-A0D1-1CBC-10CDE441BDC8}
		{2A39A1E9-7E2B-40BC-8A72-E70F5FB95838} = {36D591C7-65C7-A0D1-1CBC-10CDE441BDC8}
		{6A57135E-FC83-4543-89D5-22198BD5F63C} = {36D591C7-65C7-A0D1-1CBC-10CDE441BDC8}
		{51ACB143-026E-45E8-BEAC-235FF927B6F8} = {36D591C7-65C7-A0D1-1CBC-10CDE441BDC8}
		{536D3D65-D006-48D0-A0C0-1A7E5E1AACD9} = {36D591C7-65C7-A0D1-1CBC-10CDE441BDC8}
		{78B0201A-2209-4668-98B1-818F270560FA} = {DF4DB0B4-9D4A-46F3-8F9D-963363C9ACB1}
		{8E6D2F3B-2BEF-4482-A019-7AFFB2230B6B} = {E1CABF45-7D57-4EA2-ADE9-45C9E80FC622}
		{309C018F-34D7-4690-A476-FC357C2D3699} = {A0A043A1-C82D-43DA-82CC-69A01C9A62AC}
		{666C627B-C15D-4C71-B798-04035698DD5E} = {36D591C7-65C7-A0D1-1CBC-10CDE441BDC8}
		{E9D5E2D9-30A0-4F60-8E56-49E67EF152D2} = {36D591C7-65C7-A0D1-1CBC-10CDE441BDC8}
		{7DF6F883-EC67-44FB-BE83-D6D33EE04BF4} = {36D591C7-65C7-A0D1-1CBC-10CDE441BDC8}
		{113C6F50-58CE-48D1-8EBE-19FACB77D864} = {7F72220B-FA45-4CD3-9605-A7E4DA856221}
		{4B9DD6FE-191D-453E-B039-11075C72CF80} = {14413E6D-D4C2-42F5-98E8-C69317157467}
		{DE67B699-1804-4DAB-BC40-EBFDD8FC11B8} = {14413E6D-D4C2-42F5-98E8-C69317157467}
		{0315B489-F6C0-4E10-97D6-47880B4AD219} = {36D591C7-65C7-A0D1-1CBC-10CDE441BDC8}
	EndGlobalSection
	GlobalSection(ExtensibilityGlobals) = postSolution
		SolutionGuid = {6B2F4AA3-7062-4E67-80C6-AE6A295F568E}
	EndGlobalSection
EndGlobal
