
Microsoft Visual Studio Solution File, Format Version 12.00
# Visual Studio Version 17
VisualStudioVersion = 17.13.35931.197
MinimumVisualStudioVersion = 10.0.40219.1
Project("{FAE04EC0-301F-11D3-BF4B-00C04F79EFBC}") = "Shops.API", "Shops.API\Shops.API.csproj", "{BDB47923-F31A-4E3B-8E75-3F8EE05600F1}"
EndProject
Project("{2150E333-8FDC-42A3-9474-1A3956D46DE8}") = "API", "API", "{36D591C7-65C7-A0D1-1CBC-10CDE441BDC8}"
EndProject
Project("{FAE04EC0-301F-11D3-BF4B-00C04F79EFBC}") = "Goods.API", "Goods.API\Goods.API.csproj", "{9F88CE9B-85B0-4479-89DF-C4FEA6819E9F}"
EndProject
Global
	GlobalSection(SolutionConfigurationPlatforms) = preSolution
		Debug|Any CPU = Debug|Any CPU
		Release|Any CPU = Release|Any CPU
	EndGlobalSection
	GlobalSection(ProjectConfigurationPlatforms) = postSolution
		{BDB47923-F31A-4E3B-8E75-3F8EE05600F1}.Debug|Any CPU.ActiveCfg = Debug|Any CPU
		{BDB47923-F31A-4E3B-8E75-3F8EE05600F1}.Debug|Any CPU.Build.0 = Debug|Any CPU
		{BDB47923-F31A-4E3B-8E75-3F8EE05600F1}.Release|Any CPU.ActiveCfg = Release|Any CPU
		{BDB47923-F31A-4E3B-8E75-3F8EE05600F1}.Release|Any CPU.Build.0 = Release|Any CPU
		{9F88CE9B-85B0-4479-89DF-C4FEA6819E9F}.Debug|Any CPU.ActiveCfg = Debug|Any CPU
		{9F88CE9B-85B0-4479-89DF-C4FEA6819E9F}.Debug|Any CPU.Build.0 = Debug|Any CPU
		{9F88CE9B-85B0-4479-89DF-C4FEA6819E9F}.Release|Any CPU.ActiveCfg = Release|Any CPU
		{9F88CE9B-85B0-4479-89DF-C4FEA6819E9F}.Release|Any CPU.Build.0 = Release|Any CPU
	EndGlobalSection
	GlobalSection(SolutionProperties) = preSolution
		HideSolutionNode = FALSE
	EndGlobalSection
	GlobalSection(NestedProjects) = preSolution
		{BDB47923-F31A-4E3B-8E75-3F8EE05600F1} = {36D591C7-65C7-A0D1-1CBC-10CDE441BDC8}
		{9F88CE9B-85B0-4479-89DF-C4FEA6819E9F} = {36D591C7-65C7-A0D1-1CBC-10CDE441BDC8}
	EndGlobalSection
	GlobalSection(ExtensibilityGlobals) = postSolution
		SolutionGuid = {6B2F4AA3-7062-4E67-80C6-AE6A295F568E}
	EndGlobalSection
EndGlobal
