
Microsoft Visual Studio Solution File, Format Version 12.00
# Visual Studio Version 17
VisualStudioVersion = 17.13.35931.197
MinimumVisualStudioVersion = 10.0.40219.1
Project("{FAE04EC0-301F-11D3-BF4B-00C04F79EFBC}") = "Shops.API", "Shops.API\Shops.API.csproj", "{BDB47923-F31A-4E3B-8E75-3F8EE05600F1}"
EndProject
Project("{2150E333-8FDC-42A3-9474-1A3956D46DE8}") = "API", "API", "{36D591C7-65C7-A0D1-1CBC-10CDE441BDC8}"
EndProject
Project("{FAE04EC0-301F-11D3-BF4B-00C04F79EFBC}") = "Goods.API", "Goods.API\Goods.API.csproj", "{9F88CE9B-85B0-4479-89DF-C4FEA6819E9F}"
EndProject
Project("{FAE04EC0-301F-11D3-BF4B-00C04F79EFBC}") = "Orders.API", "Orders.API\Orders.API.csproj", "{EB5C7EC6-801E-49DC-97C6-7646C0595C47}"
EndProject
Project("{FAE04EC0-301F-11D3-BF4B-00C04F79EFBC}") = "Notifications.API", "Notifications.API\Notifications.API.csproj", "{9AAE5161-8208-47DA-906F-BC6B79CCA337}"
EndProject
Project("{FAE04EC0-301F-11D3-BF4B-00C04F79EFBC}") = "Buyers.API", "Buyers.API\Buyers.API.csproj", "{C7E768E8-BAE0-4F19-8FE2-FE2ED52B689C}"
EndProject
Project("{FAE04EC0-301F-11D3-BF4B-00C04F79EFBC}") = "Warehouse.API", "Warehouse.API\Warehouse.API.csproj", "{B53712B2-FD5F-45E3-89AC-FBB6E29D4C3C}"
EndProject
Project("{FAE04EC0-301F-11D3-BF4B-00C04F79EFBC}") = "Delivery.API", "Delivery.API\Delivery.API.csproj", "{2A39A1E9-7E2B-40BC-8A72-E70F5FB95838}"
EndProject
Project("{FAE04EC0-301F-11D3-BF4B-00C04F79EFBC}") = "Trade.API", "Trade.API\Trade.API.csproj", "{6A57135E-FC83-4543-89D5-22198BD5F63C}"
EndProject
Global
	GlobalSection(SolutionConfigurationPlatforms) = preSolution
		Debug|Any CPU = Debug|Any CPU
		Release|Any CPU = Release|Any CPU
	EndGlobalSection
	GlobalSection(ProjectConfigurationPlatforms) = postSolution
		{BDB47923-F31A-4E3B-8E75-3F8EE05600F1}.Debug|Any CPU.ActiveCfg = Debug|Any CPU
		{BDB47923-F31A-4E3B-8E75-3F8EE05600F1}.Debug|Any CPU.Build.0 = Debug|Any CPU
		{BDB47923-F31A-4E3B-8E75-3F8EE05600F1}.Release|Any CPU.ActiveCfg = Release|Any CPU
		{BDB47923-F31A-4E3B-8E75-3F8EE05600F1}.Release|Any CPU.Build.0 = Release|Any CPU
		{9F88CE9B-85B0-4479-89DF-C4FEA6819E9F}.Debug|Any CPU.ActiveCfg = Debug|Any CPU
		{9F88CE9B-85B0-4479-89DF-C4FEA6819E9F}.Debug|Any CPU.Build.0 = Debug|Any CPU
		{9F88CE9B-85B0-4479-89DF-C4FEA6819E9F}.Release|Any CPU.ActiveCfg = Release|Any CPU
		{9F88CE9B-85B0-4479-89DF-C4FEA6819E9F}.Release|Any CPU.Build.0 = Release|Any CPU
		{EB5C7EC6-801E-49DC-97C6-7646C0595C47}.Debug|Any CPU.ActiveCfg = Debug|Any CPU
		{EB5C7EC6-801E-49DC-97C6-7646C0595C47}.Debug|Any CPU.Build.0 = Debug|Any CPU
		{EB5C7EC6-801E-49DC-97C6-7646C0595C47}.Release|Any CPU.ActiveCfg = Release|Any CPU
		{EB5C7EC6-801E-49DC-97C6-7646C0595C47}.Release|Any CPU.Build.0 = Release|Any CPU
		{9AAE5161-8208-47DA-906F-BC6B79CCA337}.Debug|Any CPU.ActiveCfg = Debug|Any CPU
		{9AAE5161-8208-47DA-906F-BC6B79CCA337}.Debug|Any CPU.Build.0 = Debug|Any CPU
		{9AAE5161-8208-47DA-906F-BC6B79CCA337}.Release|Any CPU.ActiveCfg = Release|Any CPU
		{9AAE5161-8208-47DA-906F-BC6B79CCA337}.Release|Any CPU.Build.0 = Release|Any CPU
		{C7E768E8-BAE0-4F19-8FE2-FE2ED52B689C}.Debug|Any CPU.ActiveCfg = Debug|Any CPU
		{C7E768E8-BAE0-4F19-8FE2-FE2ED52B689C}.Debug|Any CPU.Build.0 = Debug|Any CPU
		{C7E768E8-BAE0-4F19-8FE2-FE2ED52B689C}.Release|Any CPU.ActiveCfg = Release|Any CPU
		{C7E768E8-BAE0-4F19-8FE2-FE2ED52B689C}.Release|Any CPU.Build.0 = Release|Any CPU
		{B53712B2-FD5F-45E3-89AC-FBB6E29D4C3C}.Debug|Any CPU.ActiveCfg = Debug|Any CPU
		{B53712B2-FD5F-45E3-89AC-FBB6E29D4C3C}.Debug|Any CPU.Build.0 = Debug|Any CPU
		{B53712B2-FD5F-45E3-89AC-FBB6E29D4C3C}.Release|Any CPU.ActiveCfg = Release|Any CPU
		{B53712B2-FD5F-45E3-89AC-FBB6E29D4C3C}.Release|Any CPU.Build.0 = Release|Any CPU
		{2A39A1E9-7E2B-40BC-8A72-E70F5FB95838}.Debug|Any CPU.ActiveCfg = Debug|Any CPU
		{2A39A1E9-7E2B-40BC-8A72-E70F5FB95838}.Debug|Any CPU.Build.0 = Debug|Any CPU
		{2A39A1E9-7E2B-40BC-8A72-E70F5FB95838}.Release|Any CPU.ActiveCfg = Release|Any CPU
		{2A39A1E9-7E2B-40BC-8A72-E70F5FB95838}.Release|Any CPU.Build.0 = Release|Any CPU
		{6A57135E-FC83-4543-89D5-22198BD5F63C}.Debug|Any CPU.ActiveCfg = Debug|Any CPU
		{6A57135E-FC83-4543-89D5-22198BD5F63C}.Debug|Any CPU.Build.0 = Debug|Any CPU
		{6A57135E-FC83-4543-89D5-22198BD5F63C}.Release|Any CPU.ActiveCfg = Release|Any CPU
		{6A57135E-FC83-4543-89D5-22198BD5F63C}.Release|Any CPU.Build.0 = Release|Any CPU
	EndGlobalSection
	GlobalSection(SolutionProperties) = preSolution
		HideSolutionNode = FALSE
	EndGlobalSection
	GlobalSection(NestedProjects) = preSolution
		{BDB47923-F31A-4E3B-8E75-3F8EE05600F1} = {36D591C7-65C7-A0D1-1CBC-10CDE441BDC8}
		{9F88CE9B-85B0-4479-89DF-C4FEA6819E9F} = {36D591C7-65C7-A0D1-1CBC-10CDE441BDC8}
		{EB5C7EC6-801E-49DC-97C6-7646C0595C47} = {36D591C7-65C7-A0D1-1CBC-10CDE441BDC8}
		{9AAE5161-8208-47DA-906F-BC6B79CCA337} = {36D591C7-65C7-A0D1-1CBC-10CDE441BDC8}
		{C7E768E8-BAE0-4F19-8FE2-FE2ED52B689C} = {36D591C7-65C7-A0D1-1CBC-10CDE441BDC8}
		{B53712B2-FD5F-45E3-89AC-FBB6E29D4C3C} = {36D591C7-65C7-A0D1-1CBC-10CDE441BDC8}
		{2A39A1E9-7E2B-40BC-8A72-E70F5FB95838} = {36D591C7-65C7-A0D1-1CBC-10CDE441BDC8}
		{6A57135E-FC83-4543-89D5-22198BD5F63C} = {36D591C7-65C7-A0D1-1CBC-10CDE441BDC8}
	EndGlobalSection
	GlobalSection(ExtensibilityGlobals) = postSolution
		SolutionGuid = {6B2F4AA3-7062-4E67-80C6-AE6A295F568E}
	EndGlobalSection
EndGlobal
